// !$*UTF8*$!
{
	archiveVersion = 1;
	classes = {
	};
	objectVersion = 50;
	objects = {

/* Begin PBXBuildFile section */
		B452340C2179D14000732C4E /* AppDelegate.m in Sources */ = {isa = PBXBuildFile; fileRef = B452340B2179D14000732C4E /* AppDelegate.m */; };
		B452340F2179D14000732C4E /* ViewController.m in Sources */ = {isa = PBXBuildFile; fileRef = B452340E2179D14000732C4E /* ViewController.m */; };
		B45234122179D14000732C4E /* Main.storyboard in Resources */ = {isa = PBXBuildFile; fileRef = B45234102179D14000732C4E /* Main.storyboard */; };
		B45234142179D14100732C4E /* Assets.xcassets in Resources */ = {isa = PBXBuildFile; fileRef = B45234132179D14100732C4E /* Assets.xcassets */; };
		B45234172179D14100732C4E /* LaunchScreen.storyboard in Resources */ = {isa = PBXBuildFile; fileRef = B45234152179D14100732C4E /* LaunchScreen.storyboard */; };
		B452341A2179D14100732C4E /* main.m in Sources */ = {isa = PBXBuildFile; fileRef = B45234192179D14100732C4E /* main.m */; };
		B45234242179D14200732C4E /* YNPathClipImageDemoTests.m in Sources */ = {isa = PBXBuildFile; fileRef = B45234232179D14200732C4E /* YNPathClipImageDemoTests.m */; };
		B452342F2179D14200732C4E /* YNPathClipImageDemoUITests.m in Sources */ = {isa = PBXBuildFile; fileRef = B452342E2179D14200732C4E /* YNPathClipImageDemoUITests.m */; };
		B452343E2179D18200732C4E /* UIImage+YNPathClip.m in Sources */ = {isa = PBXBuildFile; fileRef = B452343D2179D18200732C4E /* UIImage+YNPathClip.m */; };
/* End PBXBuildFile section */

/* Begin PBXContainerItemProxy section */
		B45234202179D14200732C4E /* PBXContainerItemProxy */ = {
			isa = PBXContainerItemProxy;
			containerPortal = B45233FF2179D14000732C4E /* Project object */;
			proxyType = 1;
			remoteGlobalIDString = B45234062179D14000732C4E;
			remoteInfo = YNPathClipImageDemo;
		};
		B452342B2179D14200732C4E /* PBXContainerItemProxy */ = {
			isa = PBXContainerItemProxy;
			containerPortal = B45233FF2179D14000732C4E /* Project object */;
			proxyType = 1;
			remoteGlobalIDString = B45234062179D14000732C4E;
			remoteInfo = YNPathClipImageDemo;
		};
/* End PBXContainerItemProxy section */

/* Begin PBXFileReference section */
		B45234072179D14000732C4E /* YNPathClipImageDemo.app */ = {isa = PBXFileReference; explicitFileType = wrapper.application; includeInIndex = 0; path = YNPathClipImageDemo.app; sourceTree = BUILT_PRODUCTS_DIR; };
		B452340A2179D14000732C4E /* AppDelegate.h */ = {isa = PBXFileReference; lastKnownFileType = sourcecode.c.h; path = AppDelegate.h; sourceTree = "<group>"; };
		B452340B2179D14000732C4E /* AppDelegate.m */ = {isa = PBXFileReference; lastKnownFileType = sourcecode.c.objc; path = AppDelegate.m; sourceTree = "<group>"; };
		B452340D2179D14000732C4E /* ViewController.h */ = {isa = PBXFileReference; lastKnownFileType = sourcecode.c.h; path = ViewController.h; sourceTree = "<group>"; };
		B452340E2179D14000732C4E /* ViewController.m */ = {isa = PBXFileReference; lastKnownFileType = sourcecode.c.objc; path = ViewController.m; sourceTree = "<group>"; };
		B45234112179D14000732C4E /* Base */ = {isa = PBXFileReference; lastKnownFileType = file.storyboard; name = Base; path = Base.lproj/Main.storyboard; sourceTree = "<group>"; };
		B45234132179D14100732C4E /* Assets.xcassets */ = {isa = PBXFileReference; lastKnownFileType = folder.assetcatalog; path = Assets.xcassets; sourceTree = "<group>"; };
		B45234162179D14100732C4E /* Base */ = {isa = PBXFileReference; lastKnownFileType = file.storyboard; name = Base; path = Base.lproj/LaunchScreen.storyboard; sourceTree = "<group>"; };
		B45234182179D14100732C4E /* Info.plist */ = {isa = PBXFileReference; lastKnownFileType = text.plist.xml; path = Info.plist; sourceTree = "<group>"; };
		B45234192179D14100732C4E /* main.m */ = {isa = PBXFileReference; lastKnownFileType = sourcecode.c.objc; path = main.m; sourceTree = "<group>"; };
		B452341F2179D14200732C4E /* YNPathClipImageDemoTests.xctest */ = {isa = PBXFileReference; explicitFileType = wrapper.cfbundle; includeInIndex = 0; path = YNPathClipImageDemoTests.xctest; sourceTree = BUILT_PRODUCTS_DIR; };
		B45234232179D14200732C4E /* YNPathClipImageDemoTests.m */ = {isa = PBXFileReference; lastKnownFileType = sourcecode.c.objc; path = YNPathClipImageDemoTests.m; sourceTree = "<group>"; };
		B45234252179D14200732C4E /* Info.plist */ = {isa = PBXFileReference; lastKnownFileType = text.plist.xml; path = Info.plist; sourceTree = "<group>"; };
		B452342A2179D14200732C4E /* YNPathClipImageDemoUITests.xctest */ = {isa = PBXFileReference; explicitFileType = wrapper.cfbundle; includeInIndex = 0; path = YNPathClipImageDemoUITests.xctest; sourceTree = BUILT_PRODUCTS_DIR; };
		B452342E2179D14200732C4E /* YNPathClipImageDemoUITests.m */ = {isa = PBXFileReference; lastKnownFileType = sourcecode.c.objc; path = YNPathClipImageDemoUITests.m; sourceTree = "<group>"; };
		B45234302179D14200732C4E /* Info.plist */ = {isa = PBXFileReference; lastKnownFileType = text.plist.xml; path = Info.plist; sourceTree = "<group>"; };
		B452343C2179D18200732C4E /* UIImage+YNPathClip.h */ = {isa = PBXFileReference; fileEncoding = 4; lastKnownFileType = sourcecode.c.h; name = "UIImage+YNPathClip.h"; path = "../../YNPathClipImage/UIImage+YNPathClip.h"; sourceTree = "<group>"; };
		B452343D2179D18200732C4E /* UIImage+YNPathClip.m */ = {isa = PBXFileReference; fileEncoding = 4; lastKnownFileType = sourcecode.c.objc; name = "UIImage+YNPathClip.m"; path = "../../YNPathClipImage/UIImage+YNPathClip.m"; sourceTree = "<group>"; };
/* End PBXFileReference section */

/* Begin PBXFrameworksBuildPhase section */
		B45234042179D14000732C4E /* Frameworks */ = {
			isa = PBXFrameworksBuildPhase;
			buildActionMask = 2147483647;
			files = (
			);
			runOnlyForDeploymentPostprocessing = 0;
		};
		B452341C2179D14200732C4E /* Frameworks */ = {
			isa = PBXFrameworksBuildPhase;
			buildActionMask = 2147483647;
			files = (
			);
			runOnlyForDeploymentPostprocessing = 0;
		};
		B45234272179D14200732C4E /* Frameworks */ = {
			isa = PBXFrameworksBuildPhase;
			buildActionMask = 2147483647;
			files = (
			);
			runOnlyForDeploymentPostprocessing = 0;
		};
/* End PBXFrameworksBuildPhase section */

/* Begin PBXGroup section */
		B45233FE2179D14000732C4E = {
			isa = PBXGroup;
			children = (
				B45234092179D14000732C4E /* YNPathClipImageDemo */,
				B45234222179D14200732C4E /* YNPathClipImageDemoTests */,
				B452342D2179D14200732C4E /* YNPathClipImageDemoUITests */,
				B45234082179D14000732C4E /* Products */,
			);
			sourceTree = "<group>";
		};
		B45234082179D14000732C4E /* Products */ = {
			isa = PBXGroup;
			children = (
				B45234072179D14000732C4E /* YNPathClipImageDemo.app */,
				B452341F2179D14200732C4E /* YNPathClipImageDemoTests.xctest */,
				B452342A2179D14200732C4E /* YNPathClipImageDemoUITests.xctest */,
			);
			name = Products;
			sourceTree = "<group>";
		};
		B45234092179D14000732C4E /* YNPathClipImageDemo */ = {
			isa = PBXGroup;
			children = (
				B452343C2179D18200732C4E /* UIImage+YNPathClip.h */,
				B452343D2179D18200732C4E /* UIImage+YNPathClip.m */,
				B452340A2179D14000732C4E /* AppDelegate.h */,
				B452340B2179D14000732C4E /* AppDelegate.m */,
				B452340D2179D14000732C4E /* ViewController.h */,
				B452340E2179D14000732C4E /* ViewController.m */,
				B45234102179D14000732C4E /* Main.storyboard */,
				B45234132179D14100732C4E /* Assets.xcassets */,
				B45234152179D14100732C4E /* LaunchScreen.storyboard */,
				B45234182179D14100732C4E /* Info.plist */,
				B45234192179D14100732C4E /* main.m */,
			);
			path = YNPathClipImageDemo;
			sourceTree = "<group>";
		};
		B45234222179D14200732C4E /* YNPathClipImageDemoTests */ = {
			isa = PBXGroup;
			children = (
				B45234232179D14200732C4E /* YNPathClipImageDemoTests.m */,
				B45234252179D14200732C4E /* Info.plist */,
			);
			path = YNPathClipImageDemoTests;
			sourceTree = "<group>";
		};
		B452342D2179D14200732C4E /* YNPathClipImageDemoUITests */ = {
			isa = PBXGroup;
			children = (
				B452342E2179D14200732C4E /* YNPathClipImageDemoUITests.m */,
				B45234302179D14200732C4E /* Info.plist */,
			);
			path = YNPathClipImageDemoUITests;
			sourceTree = "<group>";
		};
/* End PBXGroup section */

/* Begin PBXNativeTarget section */
		B45234062179D14000732C4E /* YNPathClipImageDemo */ = {
			isa = PBXNativeTarget;
			buildConfigurationList = B45234332179D14200732C4E /* Build configuration list for PBXNativeTarget "YNPathClipImageDemo" */;
			buildPhases = (
				B45234032179D14000732C4E /* Sources */,
				B45234042179D14000732C4E /* Frameworks */,
				B45234052179D14000732C4E /* Resources */,
			);
			buildRules = (
			);
			dependencies = (
			);
			name = YNPathClipImageDemo;
			productName = YNPathClipImageDemo;
			productReference = B45234072179D14000732C4E /* YNPathClipImageDemo.app */;
			productType = "com.apple.product-type.application";
		};
		B452341E2179D14200732C4E /* YNPathClipImageDemoTests */ = {
			isa = PBXNativeTarget;
			buildConfigurationList = B45234362179D14200732C4E /* Build configuration list for PBXNativeTarget "YNPathClipImageDemoTests" */;
			buildPhases = (
				B452341B2179D14200732C4E /* Sources */,
				B452341C2179D14200732C4E /* Frameworks */,
				B452341D2179D14200732C4E /* Resources */,
			);
			buildRules = (
			);
			dependencies = (
				B45234212179D14200732C4E /* PBXTargetDependency */,
			);
			name = YNPathClipImageDemoTests;
			productName = YNPathClipImageDemoTests;
			productReference = B452341F2179D14200732C4E /* YNPathClipImageDemoTests.xctest */;
			productType = "com.apple.product-type.bundle.unit-test";
		};
		B45234292179D14200732C4E /* YNPathClipImageDemoUITests */ = {
			isa = PBXNativeTarget;
			buildConfigurationList = B45234392179D14200732C4E /* Build configuration list for PBXNativeTarget "YNPathClipImageDemoUITests" */;
			buildPhases = (
				B45234262179D14200732C4E /* Sources */,
				B45234272179D14200732C4E /* Frameworks */,
				B45234282179D14200732C4E /* Resources */,
			);
			buildRules = (
			);
			dependencies = (
				B452342C2179D14200732C4E /* PBXTargetDependency */,
			);
			name = YNPathClipImageDemoUITests;
			productName = YNPathClipImageDemoUITests;
			productReference = B452342A2179D14200732C4E /* YNPathClipImageDemoUITests.xctest */;
			productType = "com.apple.product-type.bundle.ui-testing";
		};
/* End PBXNativeTarget section */

/* Begin PBXProject section */
		B45233FF2179D14000732C4E /* Project object */ = {
			isa = PBXProject;
			attributes = {
				LastUpgradeCheck = 1000;
				ORGANIZATIONNAME = liyang;
				TargetAttributes = {
					B45234062179D14000732C4E = {
						CreatedOnToolsVersion = 10.0;
					};
					B452341E2179D14200732C4E = {
						CreatedOnToolsVersion = 10.0;
						TestTargetID = B45234062179D14000732C4E;
					};
					B45234292179D14200732C4E = {
						CreatedOnToolsVersion = 10.0;
						TestTargetID = B45234062179D14000732C4E;
					};
				};
			};
			buildConfigurationList = B45234022179D14000732C4E /* Build configuration list for PBXProject "YNPathClipImageDemo" */;
			compatibilityVersion = "Xcode 9.3";
			developmentRegion = en;
			hasScannedForEncodings = 0;
			knownRegions = (
				en,
				Base,
			);
			mainGroup = B45233FE2179D14000732C4E;
			productRefGroup = B45234082179D14000732C4E /* Products */;
			projectDirPath = "";
			projectRoot = "";
			targets = (
				B45234062179D14000732C4E /* YNPathClipImageDemo */,
				B452341E2179D14200732C4E /* YNPathClipImageDemoTests */,
				B45234292179D14200732C4E /* YNPathClipImageDemoUITests */,
			);
		};
/* End PBXProject section */

/* Begin PBXResourcesBuildPhase section */
		B45234052179D14000732C4E /* Resources */ = {
			isa = PBXResourcesBuildPhase;
			buildActionMask = 2147483647;
			files = (
				B45234172179D14100732C4E /* LaunchScreen.storyboard in Resources */,
				B45234142179D14100732C4E /* Assets.xcassets in Resources */,
				B45234122179D14000732C4E /* Main.storyboard in Resources */,
			);
			runOnlyForDeploymentPostprocessing = 0;
		};
		B452341D2179D14200732C4E /* Resources */ = {
			isa = PBXResourcesBuildPhase;
			buildActionMask = 2147483647;
			files = (
			);
			runOnlyForDeploymentPostprocessing = 0;
		};
		B45234282179D14200732C4E /* Resources */ = {
			isa = PBXResourcesBuildPhase;
			buildActionMask = 2147483647;
			files = (
			);
			runOnlyForDeploymentPostprocessing = 0;
		};
/* End PBXResourcesBuildPhase section */

/* Begin PBXSourcesBuildPhase section */
		B45234032179D14000732C4E /* Sources */ = {
			isa = PBXSourcesBuildPhase;
			buildActionMask = 2147483647;
			files = (
				B452340F2179D14000732C4E /* ViewController.m in Sources */,
				B452341A2179D14100732C4E /* main.m in Sources */,
				B452340C2179D14000732C4E /* AppDelegate.m in Sources */,
				B452343E2179D18200732C4E /* UIImage+YNPathClip.m in Sources */,
			);
			runOnlyForDeploymentPostprocessing = 0;
		};
		B452341B2179D14200732C4E /* Sources */ = {
			isa = PBXSourcesBuildPhase;
			buildActionMask = 2147483647;
			files = (
				B45234242179D14200732C4E /* YNPathClipImageDemoTests.m in Sources */,
			);
			runOnlyForDeploymentPostprocessing = 0;
		};
		B45234262179D14200732C4E /* Sources */ = {
			isa = PBXSourcesBuildPhase;
			buildActionMask = 2147483647;
			files = (
				B452342F2179D14200732C4E /* YNPathClipImageDemoUITests.m in Sources */,
			);
			runOnlyForDeploymentPostprocessing = 0;
		};
/* End PBXSourcesBuildPhase section */

/* Begin PBXTargetDependency section */
		B45234212179D14200732C4E /* PBXTargetDependency */ = {
			isa = PBXTargetDependency;
			target = B45234062179D14000732C4E /* YNPathClipImageDemo */;
			targetProxy = B45234202179D14200732C4E /* PBXContainerItemProxy */;
		};
		B452342C2179D14200732C4E /* PBXTargetDependency */ = {
			isa = PBXTargetDependency;
			target = B45234062179D14000732C4E /* YNPathClipImageDemo */;
			targetProxy = B452342B2179D14200732C4E /* PBXContainerItemProxy */;
		};
/* End PBXTargetDependency section */

/* Begin PBXVariantGroup section */
		B45234102179D14000732C4E /* Main.storyboard */ = {
			isa = PBXVariantGroup;
			children = (
				B45234112179D14000732C4E /* Base */,
			);
			name = Main.storyboard;
			sourceTree = "<group>";
		};
		B45234152179D14100732C4E /* LaunchScreen.storyboard */ = {
			isa = PBXVariantGroup;
			children = (
				B45234162179D14100732C4E /* Base */,
			);
			name = LaunchScreen.storyboard;
			sourceTree = "<group>";
		};
/* End PBXVariantGroup section */

/* Begin XCBuildConfiguration section */
		B45234312179D14200732C4E /* Debug */ = {
			isa = XCBuildConfiguration;
			buildSettings = {
				ALWAYS_SEARCH_USER_PATHS = NO;
				CLANG_ANALYZER_NONNULL = YES;
				CLANG_ANALYZER_NUMBER_OBJECT_CONVERSION = YES_AGGRESSIVE;
				CLANG_CXX_LANGUAGE_STANDARD = "gnu++14";
				CLANG_CXX_LIBRARY = "libc++";
				CLANG_ENABLE_MODULES = YES;
				CLANG_ENABLE_OBJC_ARC = YES;
				CLANG_ENABLE_OBJC_WEAK = YES;
				CLANG_WARN_BLOCK_CAPTURE_AUTORELEASING = YES;
				CLANG_WARN_BOOL_CONVERSION = YES;
				CLANG_WARN_COMMA = YES;
				CLANG_WARN_CONSTANT_CONVERSION = YES;
				CLANG_WARN_DEPRECATED_OBJC_IMPLEMENTATIONS = YES;
				CLANG_WARN_DIRECT_OBJC_ISA_USAGE = YES_ERROR;
				CLANG_WARN_DOCUMENTATION_COMMENTS = YES;
				CLANG_WARN_EMPTY_BODY = YES;
				CLANG_WARN_ENUM_CONVERSION = YES;
				CLANG_WARN_INFINITE_RECURSION = YES;
				CLANG_WARN_INT_CONVERSION = YES;
				CLANG_WARN_NON_LITERAL_NULL_CONVERSION = YES;
				CLANG_WARN_OBJC_IMPLICIT_RETAIN_SELF = YES;
				CLANG_WARN_OBJC_LITERAL_CONVERSION = YES;
				CLANG_WARN_OBJC_ROOT_CLASS = YES_ERROR;
				CLANG_WARN_RANGE_LOOP_ANALYSIS = YES;
				CLANG_WARN_STRICT_PROTOTYPES = YES;
				CLANG_WARN_SUSPICIOUS_MOVE = YES;
				CLANG_WARN_UNGUARDED_AVAILABILITY = YES_AGGRESSIVE;
				CLANG_WARN_UNREACHABLE_CODE = YES;
				CLANG_WARN__DUPLICATE_METHOD_MATCH = YES;
				CODE_SIGN_IDENTITY = "iPhone Developer";
				COPY_PHASE_STRIP = NO;
				DEBUG_INFORMATION_FORMAT = dwarf;
				ENABLE_STRICT_OBJC_MSGSEND = YES;
				ENABLE_TESTABILITY = YES;
				GCC_C_LANGUAGE_STANDARD = gnu11;
				GCC_DYNAMIC_NO_PIC = NO;
				GCC_NO_COMMON_BLOCKS = YES;
				GCC_OPTIMIZATION_LEVEL = 0;
				GCC_PREPROCESSOR_DEFINITIONS = (
					"DEBUG=1",
					"$(inherited)",
				);
				GCC_WARN_64_TO_32_BIT_CONVERSION = YES;
				GCC_WARN_ABOUT_RETURN_TYPE = YES_ERROR;
				GCC_WARN_UNDECLARED_SELECTOR = YES;
				GCC_WARN_UNINITIALIZED_AUTOS = YES_AGGRESSIVE;
				GCC_WARN_UNUSED_FUNCTION = YES;
				GCC_WARN_UNUSED_VARIABLE = YES;
				IPHONEOS_DEPLOYMENT_TARGET = 12.0;
				MTL_ENABLE_DEBUG_INFO = INCLUDE_SOURCE;
				MTL_FAST_MATH = YES;
				ONLY_ACTIVE_ARCH = YES;
				SDKROOT = iphoneos;
			};
			name = Debug;
		};
		B45234322179D14200732C4E /* Release */ = {
			isa = XCBuildConfiguration;
			buildSettings = {
				ALWAYS_SEARCH_USER_PATHS = NO;
				CLANG_ANALYZER_NONNULL = YES;
				CLANG_ANALYZER_NUMBER_OBJECT_CONVERSION = YES_AGGRESSIVE;
				CLANG_CXX_LANGUAGE_STANDARD = "gnu++14";
				CLANG_CXX_LIBRARY = "libc++";
				CLANG_ENABLE_MODULES = YES;
				CLANG_ENABLE_OBJC_ARC = YES;
				CLANG_ENABLE_OBJC_WEAK = YES;
				CLANG_WARN_BLOCK_CAPTURE_AUTORELEASING = YES;
				CLANG_WARN_BOOL_CONVERSION = YES;
				CLANG_WARN_COMMA = YES;
				CLANG_WARN_CONSTANT_CONVERSION = YES;
				CLANG_WARN_DEPRECATED_OBJC_IMPLEMENTATIONS = YES;
				CLANG_WARN_DIRECT_OBJC_ISA_USAGE = YES_ERROR;
				CLANG_WARN_DOCUMENTATION_COMMENTS = YES;
				CLANG_WARN_EMPTY_BODY = YES;
				CLANG_WARN_ENUM_CONVERSION = YES;
				CLANG_WARN_INFINITE_RECURSION = YES;
				CLANG_WARN_INT_CONVERSION = YES;
				CLANG_WARN_NON_LITERAL_NULL_CONVERSION = YES;
				CLANG_WARN_OBJC_IMPLICIT_RETAIN_SELF = YES;
				CLANG_WARN_OBJC_LITERAL_CONVERSION = YES;
				CLANG_WARN_OBJC_ROOT_CLASS = YES_ERROR;
				CLANG_WARN_RANGE_LOOP_ANALYSIS = YES;
				CLANG_WARN_STRICT_PROTOTYPES = YES;
				CLANG_WARN_SUSPICIOUS_MOVE = YES;
				CLANG_WARN_UNGUARDED_AVAILABILITY = YES_AGGRESSIVE;
				CLANG_WARN_UNREACHABLE_CODE = YES;
				CLANG_WARN__DUPLICATE_METHOD_MATCH = YES;
				CODE_SIGN_IDENTITY = "iPhone Developer";
				COPY_PHASE_STRIP = NO;
				DEBUG_INFORMATION_FORMAT = "dwarf-with-dsym";
				ENABLE_NS_ASSERTIONS = NO;
				ENABLE_STRICT_OBJC_MSGSEND = YES;
				GCC_C_LANGUAGE_STANDARD = gnu11;
				GCC_NO_COMMON_BLOCKS = YES;
				GCC_WARN_64_TO_32_BIT_CONVERSION = YES;
				GCC_WARN_ABOUT_RETURN_TYPE = YES_ERROR;
				GCC_WARN_UNDECLARED_SELECTOR = YES;
				GCC_WARN_UNINITIALIZED_AUTOS = YES_AGGRESSIVE;
				GCC_WARN_UNUSED_FUNCTION = YES;
				GCC_WARN_UNUSED_VARIABLE = YES;
				IPHONEOS_DEPLOYMENT_TARGET = 12.0;
				MTL_ENABLE_DEBUG_INFO = NO;
				MTL_FAST_MATH = YES;
				SDKROOT = iphoneos;
				VALIDATE_PRODUCT = YES;
			};
			name = Release;
		};
		B45234342179D14200732C4E /* Debug */ = {
			isa = XCBuildConfiguration;
			buildSettings = {
				ASSETCATALOG_COMPILER_APPICON_NAME = AppIcon;
				CODE_SIGN_STYLE = Automatic;
				DEVELOPMENT_TEAM = D56T97Z29X;
				INFOPLIST_FILE = YNPathClipImageDemo/Info.plist;
				LD_RUNPATH_SEARCH_PATHS = (
					"$(inherited)",
					"@executable_path/Frameworks",
				);
				PRODUCT_BUNDLE_IDENTIFIER = com.liyang.YNPathClipImageDemo;
				PRODUCT_NAME = "$(TARGET_NAME)";
				TARGETED_DEVICE_FAMILY = "1,2";
			};
			name = Debug;
		};
		B45234352179D14200732C4E /* Release */ = {
			isa = XCBuildConfiguration;
			buildSettings = {
				ASSETCATALOG_COMPILER_APPICON_NAME = AppIcon;
				CODE_SIGN_STYLE = Automatic;
				DEVELOPMENT_TEAM = D56T97Z29X;
				INFOPLIST_FILE = YNPathClipImageDemo/Info.plist;
				LD_RUNPATH_SEARCH_PATHS = (
					"$(inherited)",
					"@executable_path/Frameworks",
				);
				PRODUCT_BUNDLE_IDENTIFIER = com.liyang.YNPathClipImageDemo;
				PRODUCT_NAME = "$(TARGET_NAME)";
				TARGETED_DEVICE_FAMILY = "1,2";
			};
			name = Release;
		};
		B45234372179D14200732C4E /* Debug */ = {
			isa = XCBuildConfiguration;
			buildSettings = {
				BUNDLE_LOADER = "$(TEST_HOST)";
				CODE_SIGN_STYLE = Automatic;
				DEVELOPMENT_TEAM = D56T97Z29X;
				INFOPLIST_FILE = YNPathClipImageDemoTests/Info.plist;
				LD_RUNPATH_SEARCH_PATHS = (
					"$(inherited)",
					"@executable_path/Frameworks",
					"@loader_path/Frameworks",
				);
				PRODUCT_BUNDLE_IDENTIFIER = com.liyang.YNPathClipImageDemoTests;
				PRODUCT_NAME = "$(TARGET_NAME)";
				TARGETED_DEVICE_FAMILY = "1,2";
				TEST_HOST = "$(BUILT_PRODUCTS_DIR)/YNPathClipImageDemo.app/YNPathClipImageDemo";
			};
			name = Debug;
		};
		B45234382179D14200732C4E /* Release */ = {
			isa = XCBuildConfiguration;
			buildSettings = {
				BUNDLE_LOADER = "$(TEST_HOST)";
				CODE_SIGN_STYLE = Automatic;
				DEVELOPMENT_TEAM = D56T97Z29X;
				INFOPLIST_FILE = YNPathClipImageDemoTests/Info.plist;
				LD_RUNPATH_SEARCH_PATHS = (
					"$(inherited)",
					"@executable_path/Frameworks",
					"@loader_path/Frameworks",
				);
				PRODUCT_BUNDLE_IDENTIFIER = com.liyang.YNPathClipImageDemoTests;
				PRODUCT_NAME = "$(TARGET_NAME)";
				TARGETED_DEVICE_FAMILY = "1,2";
				TEST_HOST = "$(BUILT_PRODUCTS_DIR)/YNPathClipImageDemo.app/YNPathClipImageDemo";
			};
			name = Release;
		};
		B452343A2179D14200732C4E /* Debug */ = {
			isa = XCBuildConfiguration;
			buildSettings = {
				CODE_SIGN_STYLE = Automatic;
				DEVELOPMENT_TEAM = D56T97Z29X;
				INFOPLIST_FILE = YNPathClipImageDemoUITests/Info.plist;
				LD_RUNPATH_SEARCH_PATHS = (
					"$(inherited)",
					"@executable_path/Frameworks",
					"@loader_path/Frameworks",
				);
				PRODUCT_BUNDLE_IDENTIFIER = com.liyang.YNPathClipImageDemoUITests;
				PRODUCT_NAME = "$(TARGET_NAME)";
				TARGETED_DEVICE_FAMILY = "1,2";
				TEST_TARGET_NAME = YNPathClipImageDemo;
			};
			name = Debug;
		};
		B452343B2179D14200732C4E /* Release */ = {
			isa = XCBuildConfiguration;
			buildSettings = {
				CODE_SIGN_STYLE = Automatic;
				DEVELOPMENT_TEAM = D56T97Z29X;
				INFOPLIST_FILE = YNPathClipImageDemoUITests/Info.plist;
				LD_RUNPATH_SEARCH_PATHS = (
					"$(inherited)",
					"@executable_path/Frameworks",
					"@loader_path/Frameworks",
				);
				PRODUCT_BUNDLE_IDENTIFIER = com.liyang.YNPathClipImageDemoUITests;
				PRODUCT_NAME = "$(TARGET_NAME)";
				TARGETED_DEVICE_FAMILY = "1,2";
				TEST_TARGET_NAME = YNPathClipImageDemo;
			};
			name = Release;
		};
/* End XCBuildConfiguration section */

/* Begin XCConfigurationList section */
		B45234022179D14000732C4E /* Build configuration list for PBXProject "YNPathClipImageDemo" */ = {
			isa = XCConfigurationList;
			buildConfigurations = (
				B45234312179D14200732C4E /* Debug */,
				B45234322179D14200732C4E /* Release */,
			);
			defaultConfigurationIsVisible = 0;
			defaultConfigurationName = Release;
		};
		B45234332179D14200732C4E /* Build configuration list for PBXNativeTarget "YNPathClipImageDemo" */ = {
			isa = XCConfigurationList;
			buildConfigurations = (
				B45234342179D14200732C4E /* Debug */,
				B45234352179D14200732C4E /* Release */,
			);
			defaultConfigurationIsVisible = 0;
			defaultConfigurationName = Release;
		};
		B45234362179D14200732C4E /* Build configuration list for PBXNativeTarget "YNPathClipImageDemoTests" */ = {
			isa = XCConfigurationList;
			buildConfigurations = (
				B45234372179D14200732C4E /* Debug */,
				B45234382179D14200732C4E /* Release */,
			);
			defaultConfigurationIsVisible = 0;
			defaultConfigurationName = Release;
		};
		B45234392179D14200732C4E /* Build configuration list for PBXNativeTarget "YNPathClipImageDemoUITests" */ = {
			isa = XCConfigurationList;
			buildConfigurations = (
				B452343A2179D14200732C4E /* Debug */,
				B452343B2179D14200732C4E /* Release */,
			);
			defaultConfigurationIsVisible = 0;
			defaultConfigurationName = Release;
		};
/* End XCConfigurationList section */
	};
	rootObject = B45233FF2179D14000732C4E /* Project object */;
}
